<?xml version="1.0" encoding="utf-8"?>
<Project ToolsVersion="4.0" xmlns="http://schemas.microsoft.com/developer/msbuild/2003">
  <ItemGroup>
    <ClCompile Include="cpu-miner.c" />
    <ClCompile Include="util.c" />
    <ClCompile Include="uint256.cpp" />
    <ClCompile Include="compat\winansi.c">
      <Filter>compat</Filter>
    </ClCompile>
    <ClCompile Include="compat\jansson\load.c">
      <Filter>jansson</Filter>
    </ClCompile>
    <ClCompile Include="compat\jansson\utf.c">
      <Filter>jansson</Filter>
    </ClCompile>
    <ClCompile Include="compat\jansson\dump.c">
      <Filter>jansson</Filter>
    </ClCompile>
    <ClCompile Include="compat\jansson\hashtable.c">
      <Filter>jansson</Filter>
    </ClCompile>
    <ClCompile Include="compat\jansson\strbuffer.c">
      <Filter>jansson</Filter>
    </ClCompile>
    <ClCompile Include="compat\gettimeofday.c">
      <Filter>compat</Filter>
    </ClCompile>
    <ClCompile Include="compat\getopt\getopt_long.c">
      <Filter>compat</Filter>
    </ClCompile>
    <ClCompile Include="compat\jansson\value.c">
      <Filter>jansson</Filter>
    </ClCompile>
    <ClCompile Include="crypto\aesb.c">
      <Filter>crypto</Filter>
    </ClCompile>
    <ClCompile Include="crypto\oaes_lib.c">
      <Filter>crypto</Filter>
    </ClCompile>
    <ClCompile Include="asm\scrypt-x86.S">
      <Filter>arch\x86</Filter>
    </ClCompile>
    <ClCompile Include="asm\scrypt-x64.S">
      <Filter>arch\x64</Filter>
    </ClCompile>
    <ClCompile Include="asm\sha2-x86.S">
      <Filter>arch\x86</Filter>
    </ClCompile>
    <ClCompile Include="asm\sha2-x64.S">
      <Filter>arch\x64</Filter>
    </ClCompile>
    <ClCompile Include="asm\aesb-x64.S">
      <Filter>arch\x64</Filter>
    </ClCompile>
    <ClCompile Include="asm\aesb-x86.SS">
      <Filter>arch\x86</Filter>
    </ClCompile>
    <ClCompile Include="api.c" />
    <ClCompile Include="sysinfos.c" />
    <ClCompile Include="compat\jansson\error.c">
      <Filter>jansson</Filter>
    </ClCompile>
    <ClCompile Include="compat\jansson\memory.c">
      <Filter>jansson</Filter>
    </ClCompile>
    <ClCompile Include="compat\jansson\pack_unpack.c">
      <Filter>jansson</Filter>
    </ClCompile>
    <ClCompile Include="compat\jansson\strconv.c">
      <Filter>jansson</Filter>
    </ClCompile>
    <ClCompile Include="algo\scrypt.c">
      <Filter>algo</Filter>
    </ClCompile>
    <ClCompile Include="algo\sha2.c">
      <Filter>algo</Filter>
    </ClCompile>
  </ItemGroup>
  <ItemGroup>
    <ClInclude Include="compat.h">
      <Filter>compat</Filter>
    </ClInclude>
    <ClInclude Include="elist.h">
      <Filter>compat</Filter>
    </ClInclude>
    <ClInclude Include="compat\getopt\getopt.h">
      <Filter>compat</Filter>
    </ClInclude>
    <ClInclude Include="compat\inttypes.h">
      <Filter>compat</Filter>
    </ClInclude>
    <ClInclude Include="compat\stdbool.h">
      <Filter>compat</Filter>
    </ClInclude>
    <ClInclude Include="compat\sys\time.h">
      <Filter>compat</Filter>
    </ClInclude>
    <ClInclude Include="compat\unistd.h">
      <Filter>compat</Filter>
    </ClInclude>
    <ClInclude Include="compat\winansi.h">
      <Filter>compat</Filter>
    </ClInclude>
    <ClInclude Include="miner.h">
      <Filter>headers</Filter>
    </ClInclude>
    <ClInclude Include="compat\cpuminer-config.h">
      <Filter>headers</Filter>
    </ClInclude>
    <ClInclude Include="uint256.h">
      <Filter>headers</Filter>
    </ClInclude>
    <ClInclude Include="compat\jansson\jansson.h">
      <Filter>jansson</Filter>
    </ClInclude>
    <ClInclude Include="compat\jansson\config.h">
      <Filter>jansson</Filter>
    </ClInclude>
    <ClInclude Include="crypto\oaes_lib.h">
      <Filter>crypto</Filter>
    </ClInclude>
    <ClInclude Include="crypto\int-util.h">
      <Filter>crypto</Filter>
    </ClInclude>
    <ClInclude Include="res\resource.h">
      <Filter>res</Filter>
    </ClInclude>
  </ItemGroup>
  <ItemGroup>
    <Filter Include="compat">
      <UniqueIdentifier>{f5e8fc70-27e7-41ab-a14d-2b0462350980}</UniqueIdentifier>
    </Filter>
    <Filter Include="headers">
      <UniqueIdentifier>{343fa430-44d1-4ff7-b15d-8915052fe036}</UniqueIdentifier>
    </Filter>
    <Filter Include="jansson">
      <UniqueIdentifier>{88b3057f-0bb6-49d4-98a4-551c8bd8ce0d}</UniqueIdentifier>
    </Filter>
    <Filter Include="crypto">
      <UniqueIdentifier>{d17f8918-3371-4acb-ba63-06be828562a1}</UniqueIdentifier>
    </Filter>
    <Filter Include="arch">
      <UniqueIdentifier>{04c96afe-01af-4f5c-9ee7-219481033018}</UniqueIdentifier>
    </Filter>
    <Filter Include="arch\x86">
      <UniqueIdentifier>{774a7c76-80c0-4a15-983a-022d17e08420}</UniqueIdentifier>
    </Filter>
    <Filter Include="arch\x64">
      <UniqueIdentifier>{e2f9ccb4-db0b-4e4f-9cfd-935e8e0ebb78}</UniqueIdentifier>
    </Filter>
    <Filter Include="arch\arm">
      <UniqueIdentifier>{5a05483f-0f3f-43fe-bfd1-a14519e30e4d}</UniqueIdentifier>
    </Filter>
    <Filter Include="algo">
      <UniqueIdentifier>{34f266e4-b48f-4721-ac34-474b65726498}</UniqueIdentifier>
    </Filter>
    <Filter Include="res">
      <UniqueIdentifier>{5969f6d8-98c0-49c9-8e4c-51c54b5f0e16}</UniqueIdentifier>
    </Filter>
  </ItemGroup>
  <ItemGroup>
    <None Include="asm\scrypt-arm.S">
      <Filter>algo</Filter>
    </None>
    <None Include="asm\sha2-arm.S">
      <Filter>algo</Filter>
    </None>
  </ItemGroup>
  <ItemGroup>
    <Image Include="res\cpuminer.ico">
      <Filter>res</Filter>
    </Image>
  </ItemGroup>
  <ItemGroup>
    <ResourceCompile Include="res\cpuminer.rc">
      <Filter>res</Filter>
    </ResourceCompile>
  </ItemGroup>
</Project>